{
  "name": "tscandro",
  "version": "1.0.0",
  "lockfileVersion": 3,
  "requires": true,
  "packages": {
    "": {
      "name": "tscandro",
      "version": "1.0.0",
      "license": "ISC",
      "dependencies": {
        "console-table-without-index": "^0.1.1"
      }
    },
    "node_modules/console-table-without-index": {
      "version": "0.1.1",
      "resolved": "https://registry.npmjs.org/console-table-without-index/-/console-table-without-index-0.1.1.tgz",
      "integrity": "sha512-afFFu25d5aS/ME5RHJcfsyWQucijEqYTF9L/sqbNhioC5q9HTmm+MipswZJmcPnDXSFM7PmqK61Mq511/61iJg==",
      "license": "MIT",
      "dependencies": {
        "not-a-log": "^1.0.1"
      },
      "engines": {
        "node": ">=18"
      }
    },
    "node_modules/not-a-log": {
      "version": "1.0.2",
      "resolved": "https://registry.npmjs.org/not-a-log/-/not-a-log-1.0.2.tgz",
      "integrity": "sha512-VY4FJzIwL7hrjJbnAgGW50eVAsLXvYjjvKSigPcXOTH26fYut7vX5OuZY8RoQJjkRoYDWf31Kh7fxqsL028nOw==",
      "funding": [
        {
          "type": "github",
          "url": "https://github.com/sponsors/jimmywarting"
        },
        {
          "type": "github",
          "url": "https://paypal.me/jimmywarting"
        }
      ],
      "license": "MIT",
      "engines": {
        "node": ">=18"
      }
    }
  }
}
